
Microsoft Visual Studio Solution File, Format Version 12.00
# Visual Studio 2013
VisualStudioVersion = 12.0.40629.0
MinimumVisualStudioVersion = 10.0.40219.1
Project("{8BC9CEB8-8B4A-11D0-8D11-00A0C91BC942}") = "DuiLib", "DuiLib\DuiLib.vcxproj", "{E106ACD7-4E53-4AEE-942B-D0DD426DB34E}"
EndProject
Project("{8BC9CEB8-8B4A-11D0-8D11-00A0C91BC942}") = "Suzuki", "Suzuki\Suzuki.vcxproj", "{DF250CF3-F15B-47DB-BCDB-EDFD9F47A4B5}"
	ProjectSection(ProjectDependencies) = postProject
		{E106ACD7-4E53-4AEE-942B-D0DD426DB34E} = {E106ACD7-4E53-4AEE-942B-D0DD426DB34E}
	EndProjectSection
EndProject
Project("{8BC9CEB8-8B4A-11D0-8D11-00A0C91BC942}") = "DuiLib_Static", "DuiLib\DuiLib_Static.vcxproj", "{4E6CD856-849F-4964-9D71-5B036BCE1EC6}"
EndProject
Project("{8BC9CEB8-8B4A-11D0-8D11-00A0C91BC942}") = "TGWeb", "TGWeb\TGWeb.vcxproj", "{D3950C1B-F44B-4998-884F-E6C599FF4A06}"
	ProjectSection(ProjectDependencies) = postProject
		{4E6CD856-849F-4964-9D71-5B036BCE1EC6} = {4E6CD856-849F-4964-9D71-5B036BCE1EC6}
	EndProjectSection
EndProject
Global
	GlobalSection(SolutionConfigurationPlatforms) = preSolution
		Debug|Win32 = Debug|Win32
		Debug|x64 = Debug|x64
		Release|Win32 = Release|Win32
		Release|x64 = Release|x64
		static|Win32 = static|Win32
		static|x64 = static|x64
		UnicodeDebug|Win32 = UnicodeDebug|Win32
		UnicodeDebug|x64 = UnicodeDebug|x64
		UnicodeRelease|Win32 = UnicodeRelease|Win32
		UnicodeRelease|x64 = UnicodeRelease|x64
	EndGlobalSection
	GlobalSection(ProjectConfigurationPlatforms) = postSolution
		{E106ACD7-4E53-4AEE-942B-D0DD426DB34E}.Debug|Win32.ActiveCfg = Debug|Win32
		{E106ACD7-4E53-4AEE-942B-D0DD426DB34E}.Debug|Win32.Build.0 = Debug|Win32
		{E106ACD7-4E53-4AEE-942B-D0DD426DB34E}.Debug|x64.ActiveCfg = Debug|Win32
		{E106ACD7-4E53-4AEE-942B-D0DD426DB34E}.Release|Win32.ActiveCfg = Release|Win32
		{E106ACD7-4E53-4AEE-942B-D0DD426DB34E}.Release|Win32.Build.0 = Release|Win32
		{E106ACD7-4E53-4AEE-942B-D0DD426DB34E}.Release|x64.ActiveCfg = Release|Win32
		{E106ACD7-4E53-4AEE-942B-D0DD426DB34E}.static|Win32.ActiveCfg = UnicodeDebug|Win32
		{E106ACD7-4E53-4AEE-942B-D0DD426DB34E}.static|Win32.Build.0 = UnicodeDebug|Win32
		{E106ACD7-4E53-4AEE-942B-D0DD426DB34E}.static|x64.ActiveCfg = UnicodeDebug|Win32
		{E106ACD7-4E53-4AEE-942B-D0DD426DB34E}.static|x64.Build.0 = UnicodeDebug|Win32
		{E106ACD7-4E53-4AEE-942B-D0DD426DB34E}.UnicodeDebug|Win32.ActiveCfg = UnicodeDebug|Win32
		{E106ACD7-4E53-4AEE-942B-D0DD426DB34E}.UnicodeDebug|Win32.Build.0 = UnicodeDebug|Win32
		{E106ACD7-4E53-4AEE-942B-D0DD426DB34E}.UnicodeDebug|x64.ActiveCfg = UnicodeDebug|Win32
		{E106ACD7-4E53-4AEE-942B-D0DD426DB34E}.UnicodeRelease|Win32.ActiveCfg = UnicodeRelease|Win32
		{E106ACD7-4E53-4AEE-942B-D0DD426DB34E}.UnicodeRelease|Win32.Build.0 = UnicodeRelease|Win32
		{E106ACD7-4E53-4AEE-942B-D0DD426DB34E}.UnicodeRelease|x64.ActiveCfg = UnicodeRelease|Win32
		{DF250CF3-F15B-47DB-BCDB-EDFD9F47A4B5}.Debug|Win32.ActiveCfg = Debug|Win32
		{DF250CF3-F15B-47DB-BCDB-EDFD9F47A4B5}.Debug|Win32.Build.0 = Debug|Win32
		{DF250CF3-F15B-47DB-BCDB-EDFD9F47A4B5}.Debug|x64.ActiveCfg = Debug|x64
		{DF250CF3-F15B-47DB-BCDB-EDFD9F47A4B5}.Debug|x64.Build.0 = Debug|x64
		{DF250CF3-F15B-47DB-BCDB-EDFD9F47A4B5}.Release|Win32.ActiveCfg = Release|Win32
		{DF250CF3-F15B-47DB-BCDB-EDFD9F47A4B5}.Release|Win32.Build.0 = Release|Win32
		{DF250CF3-F15B-47DB-BCDB-EDFD9F47A4B5}.Release|x64.ActiveCfg = Release|x64
		{DF250CF3-F15B-47DB-BCDB-EDFD9F47A4B5}.Release|x64.Build.0 = Release|x64
		{DF250CF3-F15B-47DB-BCDB-EDFD9F47A4B5}.static|Win32.ActiveCfg = Release|Win32
		{DF250CF3-F15B-47DB-BCDB-EDFD9F47A4B5}.static|Win32.Build.0 = Release|Win32
		{DF250CF3-F15B-47DB-BCDB-EDFD9F47A4B5}.static|x64.ActiveCfg = Release|x64
		{DF250CF3-F15B-47DB-BCDB-EDFD9F47A4B5}.static|x64.Build.0 = Release|x64
		{DF250CF3-F15B-47DB-BCDB-EDFD9F47A4B5}.UnicodeDebug|Win32.ActiveCfg = Debug|Win32
		{DF250CF3-F15B-47DB-BCDB-EDFD9F47A4B5}.UnicodeDebug|Win32.Build.0 = Debug|Win32
		{DF250CF3-F15B-47DB-BCDB-EDFD9F47A4B5}.UnicodeDebug|x64.ActiveCfg = Debug|x64
		{DF250CF3-F15B-47DB-BCDB-EDFD9F47A4B5}.UnicodeDebug|x64.Build.0 = Debug|x64
		{DF250CF3-F15B-47DB-BCDB-EDFD9F47A4B5}.UnicodeRelease|Win32.ActiveCfg = Release|Win32
		{DF250CF3-F15B-47DB-BCDB-EDFD9F47A4B5}.UnicodeRelease|Win32.Build.0 = Release|Win32
		{DF250CF3-F15B-47DB-BCDB-EDFD9F47A4B5}.UnicodeRelease|x64.ActiveCfg = Release|x64
		{DF250CF3-F15B-47DB-BCDB-EDFD9F47A4B5}.UnicodeRelease|x64.Build.0 = Release|x64
		{4E6CD856-849F-4964-9D71-5B036BCE1EC6}.Debug|Win32.ActiveCfg = Debug|Win32
		{4E6CD856-849F-4964-9D71-5B036BCE1EC6}.Debug|Win32.Build.0 = Debug|Win32
		{4E6CD856-849F-4964-9D71-5B036BCE1EC6}.Debug|x64.ActiveCfg = Debug|Win32
		{4E6CD856-849F-4964-9D71-5B036BCE1EC6}.Release|Win32.ActiveCfg = Release|Win32
		{4E6CD856-849F-4964-9D71-5B036BCE1EC6}.Release|Win32.Build.0 = Release|Win32
		{4E6CD856-849F-4964-9D71-5B036BCE1EC6}.Release|x64.ActiveCfg = Release|Win32
		{4E6CD856-849F-4964-9D71-5B036BCE1EC6}.static|Win32.ActiveCfg = UnicodeDebug|Win32
		{4E6CD856-849F-4964-9D71-5B036BCE1EC6}.static|Win32.Build.0 = UnicodeDebug|Win32
		{4E6CD856-849F-4964-9D71-5B036BCE1EC6}.static|x64.ActiveCfg = UnicodeDebug|Win32
		{4E6CD856-849F-4964-9D71-5B036BCE1EC6}.UnicodeDebug|Win32.ActiveCfg = UnicodeDebug|Win32
		{4E6CD856-849F-4964-9D71-5B036BCE1EC6}.UnicodeDebug|Win32.Build.0 = UnicodeDebug|Win32
		{4E6CD856-849F-4964-9D71-5B036BCE1EC6}.UnicodeDebug|x64.ActiveCfg = UnicodeDebug|Win32
		{4E6CD856-849F-4964-9D71-5B036BCE1EC6}.UnicodeRelease|Win32.ActiveCfg = UnicodeRelease|Win32
		{4E6CD856-849F-4964-9D71-5B036BCE1EC6}.UnicodeRelease|Win32.Build.0 = UnicodeRelease|Win32
		{4E6CD856-849F-4964-9D71-5B036BCE1EC6}.UnicodeRelease|x64.ActiveCfg = UnicodeRelease|Win32
		{D3950C1B-F44B-4998-884F-E6C599FF4A06}.Debug|Win32.ActiveCfg = Debug|Win32
		{D3950C1B-F44B-4998-884F-E6C599FF4A06}.Debug|Win32.Build.0 = Debug|Win32
		{D3950C1B-F44B-4998-884F-E6C599FF4A06}.Debug|x64.ActiveCfg = Debug|Win32
		{D3950C1B-F44B-4998-884F-E6C599FF4A06}.Release|Win32.ActiveCfg = Release|Win32
		{D3950C1B-F44B-4998-884F-E6C599FF4A06}.Release|Win32.Build.0 = Release|Win32
		{D3950C1B-F44B-4998-884F-E6C599FF4A06}.Release|x64.ActiveCfg = Release|Win32
		{D3950C1B-F44B-4998-884F-E6C599FF4A06}.static|Win32.ActiveCfg = Release|Win32
		{D3950C1B-F44B-4998-884F-E6C599FF4A06}.static|Win32.Build.0 = Release|Win32
		{D3950C1B-F44B-4998-884F-E6C599FF4A06}.static|x64.ActiveCfg = Release|Win32
		{D3950C1B-F44B-4998-884F-E6C599FF4A06}.UnicodeDebug|Win32.ActiveCfg = Debug|Win32
		{D3950C1B-F44B-4998-884F-E6C599FF4A06}.UnicodeDebug|Win32.Build.0 = Debug|Win32
		{D3950C1B-F44B-4998-884F-E6C599FF4A06}.UnicodeDebug|x64.ActiveCfg = Debug|Win32
		{D3950C1B-F44B-4998-884F-E6C599FF4A06}.UnicodeRelease|Win32.ActiveCfg = Release|Win32
		{D3950C1B-F44B-4998-884F-E6C599FF4A06}.UnicodeRelease|Win32.Build.0 = Release|Win32
		{D3950C1B-F44B-4998-884F-E6C599FF4A06}.UnicodeRelease|x64.ActiveCfg = Release|Win32
	EndGlobalSection
	GlobalSection(SolutionProperties) = preSolution
		HideSolutionNode = FALSE
	EndGlobalSection
EndGlobal
